
Microsoft Visual Studio Solution File, Format Version 12.00
# Visual Studio Version 16
VisualStudioVersion = 16.0.34407.143
MinimumVisualStudioVersion = 10.0.40219.1
Project("{FAE04EC0-301F-11D3-BF4B-00C04F79EFBC}") = "1111", "1111\1111.csproj", "{69BC9A1F-6D1C-49E1-B5E9-CDBA718C0622}"
EndProject
Global
	GlobalSection(SolutionConfigurationPlatforms) = preSolution
		Debug|Any CPU = Debug|Any CPU
		Release|Any CPU = Release|Any CPU
	EndGlobalSection
	GlobalSection(ProjectConfigurationPlatforms) = postSolution
		{69BC9A1F-6D1C-49E1-B5E9-CDBA718C0622}.Debug|Any CPU.ActiveCfg = Debug|Any CPU
		{69BC9A1F-6D1C-49E1-B5E9-CDBA718C0622}.Debug|Any CPU.Build.0 = Debug|Any CPU
		{69BC9A1F-6D1C-49E1-B5E9-CDBA718C0622}.Release|Any CPU.ActiveCfg = Release|Any CPU
		{69BC9A1F-6D1C-49E1-B5E9-CDBA718C0622}.Release|Any CPU.Build.0 = Release|Any CPU
	EndGlobalSection
	GlobalSection(SolutionProperties) = preSolution
		HideSolutionNode = FALSE
	EndGlobalSection
	GlobalSection(ExtensibilityGlobals) = postSolution
		SolutionGuid = {4D1BF07A-AF8F-4F3E-907E-C41476872EC4}
	EndGlobalSection
EndGlobal
